// !$*UTF8*$!
{
	archiveVersion = 1;
	classes = {
	};
	objectVersion = 50;
	objects = {

/* Begin PBXBuildFile section */
		489B4C7525BE149100D89077 /* AppDelegate.swift in Sources */ = {isa = PBXBuildFile; fileRef = 489B4C7425BE149100D89077 /* AppDelegate.swift */; };
		489B4C7725BE149100D89077 /* SceneDelegate.swift in Sources */ = {isa = PBXBuildFile; fileRef = 489B4C7625BE149100D89077 /* SceneDelegate.swift */; };
		489B4C7925BE149100D89077 /* ViewController.swift in Sources */ = {isa = PBXBuildFile; fileRef = 489B4C7825BE149100D89077 /* ViewController.swift */; };
		489B4C7C25BE149100D89077 /* Main.storyboard in Resources */ = {isa = PBXBuildFile; fileRef = 489B4C7A25BE149100D89077 /* Main.storyboard */; };
		489B4C7E25BE149200D89077 /* Assets.xcassets in Resources */ = {isa = PBXBuildFile; fileRef = 489B4C7D25BE149200D89077 /* Assets.xcassets */; };
		489B4C8125BE149200D89077 /* LaunchScreen.storyboard in Resources */ = {isa = PBXBuildFile; fileRef = 489B4C7F25BE149200D89077 /* LaunchScreen.storyboard */; };
		489B4C8C25BE149200D89077 /* PreworkTests.swift in Sources */ = {isa = PBXBuildFile; fileRef = 489B4C8B25BE149200D89077 /* PreworkTests.swift */; };
		489B4C9725BE149300D89077 /* PreworkUITests.swift in Sources */ = {isa = PBXBuildFile; fileRef = 489B4C9625BE149300D89077 /* PreworkUITests.swift */; };
/* End PBXBuildFile section */

/* Begin PBXContainerItemProxy section */
		489B4C8825BE149200D89077 /* PBXContainerItemProxy */ = {
			isa = PBXContainerItemProxy;
			containerPortal = 489B4C6925BE149000D89077 /* Project object */;
			proxyType = 1;
			remoteGlobalIDString = 489B4C7025BE149000D89077;
			remoteInfo = Prework;
		};
		489B4C9325BE149300D89077 /* PBXContainerItemProxy */ = {
			isa = PBXContainerItemProxy;
			containerPortal = 489B4C6925BE149000D89077 /* Project object */;
			proxyType = 1;
			remoteGlobalIDString = 489B4C7025BE149000D89077;
			remoteInfo = Prework;
		};
/* End PBXContainerItemProxy section */

/* Begin PBXFileReference section */
		489B4C7125BE149000D89077 /* Prework.app */ = {isa = PBXFileReference; explicitFileType = wrapper.application; includeInIndex = 0; path = Prework.app; sourceTree = BUILT_PRODUCTS_DIR; };
		489B4C7425BE149100D89077 /* AppDelegate.swift */ = {isa = PBXFileReference; lastKnownFileType = sourcecode.swift; path = AppDelegate.swift; sourceTree = "<group>"; };
		489B4C7625BE149100D89077 /* SceneDelegate.swift */ = {isa = PBXFileReference; lastKnownFileType = sourcecode.swift; path = SceneDelegate.swift; sourceTree = "<group>"; };
		489B4C7825BE149100D89077 /* ViewController.swift */ = {isa = PBXFileReference; lastKnownFileType = sourcecode.swift; path = ViewController.swift; sourceTree = "<group>"; };
		489B4C7B25BE149100D89077 /* Base */ = {isa = PBXFileReference; lastKnownFileType = file.storyboard; name = Base; path = Base.lproj/Main.storyboard; sourceTree = "<group>"; };
		489B4C7D25BE149200D89077 /* Assets.xcassets */ = {isa = PBXFileReference; lastKnownFileType = folder.assetcatalog; path = Assets.xcassets; sourceTree = "<group>"; };
		489B4C8025BE149200D89077 /* Base */ = {isa = PBXFileReference; lastKnownFileType = file.storyboard; name = Base; path = Base.lproj/LaunchScreen.storyboard; sourceTree = "<group>"; };
		489B4C8225BE149200D89077 /* Info.plist */ = {isa = PBXFileReference; lastKnownFileType = text.plist.xml; path = Info.plist; sourceTree = "<group>"; };
		489B4C8725BE149200D89077 /* PreworkTests.xctest */ = {isa = PBXFileReference; explicitFileType = wrapper.cfbundle; includeInIndex = 0; path = PreworkTests.xctest; sourceTree = BUILT_PRODUCTS_DIR; };
		489B4C8B25BE149200D89077 /* PreworkTests.swift */ = {isa = PBXFileReference; lastKnownFileType = sourcecode.swift; path = PreworkTests.swift; sourceTree = "<group>"; };
		489B4C8D25BE149200D89077 /* Info.plist */ = {isa = PBXFileReference; lastKnownFileType = text.plist.xml; path = Info.plist; sourceTree = "<group>"; };
		489B4C9225BE149300D89077 /* PreworkUITests.xctest */ = {isa = PBXFileReference; explicitFileType = wrapper.cfbundle; includeInIndex = 0; path = PreworkUITests.xctest; sourceTree = BUILT_PRODUCTS_DIR; };
		489B4C9625BE149300D89077 /* PreworkUITests.swift */ = {isa = PBXFileReference; lastKnownFileType = sourcecode.swift; path = PreworkUITests.swift; sourceTree = "<group>"; };
		489B4C9825BE149300D89077 /* Info.plist */ = {isa = PBXFileReference; lastKnownFileType = text.plist.xml; path = Info.plist; sourceTree = "<group>"; };
/* End PBXFileReference section */

/* Begin PBXFrameworksBuildPhase section */
		489B4C6E25BE149000D89077 /* Frameworks */ = {
			isa = PBXFrameworksBuildPhase;
			buildActionMask = 2147483647;
			files = (
			);
			runOnlyForDeploymentPostprocessing = 0;
		};
		489B4C8425BE149200D89077 /* Frameworks */ = {
			isa = PBXFrameworksBuildPhase;
			buildActionMask = 2147483647;
			files = (
			);
			runOnlyForDeploymentPostprocessing = 0;
		};
		489B4C8F25BE149200D89077 /* Frameworks */ = {
			isa = PBXFrameworksBuildPhase;
			buildActionMask = 2147483647;
			files = (
			);
			runOnlyForDeploymentPostprocessing = 0;
		};
/* End PBXFrameworksBuildPhase section */

/* Begin PBXGroup section */
		489B4C6825BE149000D89077 = {
			isa = PBXGroup;
			children = (
				489B4C7325BE149100D89077 /* Prework */,
				489B4C8A25BE149200D89077 /* PreworkTests */,
				489B4C9525BE149300D89077 /* PreworkUITests */,
				489B4C7225BE149000D89077 /* Products */,
			);
			sourceTree = "<group>";
		};
		489B4C7225BE149000D89077 /* Products */ = {
			isa = PBXGroup;
			children = (
				489B4C7125BE149000D89077 /* Prework.app */,
				489B4C8725BE149200D89077 /* PreworkTests.xctest */,
				489B4C9225BE149300D89077 /* PreworkUITests.xctest */,
			);
			name = Products;
			sourceTree = "<group>";
		};
		489B4C7325BE149100D89077 /* Prework */ = {
			isa = PBXGroup;
			children = (
				489B4C7425BE149100D89077 /* AppDelegate.swift */,
				489B4C7625BE149100D89077 /* SceneDelegate.swift */,
				489B4C7825BE149100D89077 /* ViewController.swift */,
				489B4C7A25BE149100D89077 /* Main.storyboard */,
				489B4C7D25BE149200D89077 /* Assets.xcassets */,
				489B4C7F25BE149200D89077 /* LaunchScreen.storyboard */,
				489B4C8225BE149200D89077 /* Info.plist */,
			);
			path = Prework;
			sourceTree = "<group>";
		};
		489B4C8A25BE149200D89077 /* PreworkTests */ = {
			isa = PBXGroup;
			children = (
				489B4C8B25BE149200D89077 /* PreworkTests.swift */,
				489B4C8D25BE149200D89077 /* Info.plist */,
			);
			path = PreworkTests;
			sourceTree = "<group>";
		};
		489B4C9525BE149300D89077 /* PreworkUITests */ = {
			isa = PBXGroup;
			children = (
				489B4C9625BE149300D89077 /* PreworkUITests.swift */,
				489B4C9825BE149300D89077 /* Info.plist */,
			);
			path = PreworkUITests;
			sourceTree = "<group>";
		};
/* End PBXGroup section */

/* Begin PBXNativeTarget section */
		489B4C7025BE149000D89077 /* Prework */ = {
			isa = PBXNativeTarget;
			buildConfigurationList = 489B4C9B25BE149300D89077 /* Build configuration list for PBXNativeTarget "Prework" */;
			buildPhases = (
				489B4C6D25BE149000D89077 /* Sources */,
				489B4C6E25BE149000D89077 /* Frameworks */,
				489B4C6F25BE149000D89077 /* Resources */,
			);
			buildRules = (
			);
			dependencies = (
			);
			name = Prework;
			productName = Prework;
			productReference = 489B4C7125BE149000D89077 /* Prework.app */;
			productType = "com.apple.product-type.application";
		};
		489B4C8625BE149200D89077 /* PreworkTests */ = {
			isa = PBXNativeTarget;
			buildConfigurationList = 489B4C9E25BE149300D89077 /* Build configuration list for PBXNativeTarget "PreworkTests" */;
			buildPhases = (
				489B4C8325BE149200D89077 /* Sources */,
				489B4C8425BE149200D89077 /* Frameworks */,
				489B4C8525BE149200D89077 /* Resources */,
			);
			buildRules = (
			);
			dependencies = (
				489B4C8925BE149200D89077 /* PBXTargetDependency */,
			);
			name = PreworkTests;
			productName = PreworkTests;
			productReference = 489B4C8725BE149200D89077 /* PreworkTests.xctest */;
			productType = "com.apple.product-type.bundle.unit-test";
		};
		489B4C9125BE149200D89077 /* PreworkUITests */ = {
			isa = PBXNativeTarget;
			buildConfigurationList = 489B4CA125BE149300D89077 /* Build configuration list for PBXNativeTarget "PreworkUITests" */;
			buildPhases = (
				489B4C8E25BE149200D89077 /* Sources */,
				489B4C8F25BE149200D89077 /* Frameworks */,
				489B4C9025BE149200D89077 /* Resources */,
			);
			buildRules = (
			);
			dependencies = (
				489B4C9425BE149300D89077 /* PBXTargetDependency */,
			);
			name = PreworkUITests;
			productName = PreworkUITests;
			productReference = 489B4C9225BE149300D89077 /* PreworkUITests.xctest */;
			productType = "com.apple.product-type.bundle.ui-testing";
		};
/* End PBXNativeTarget section */

/* Begin PBXProject section */
		489B4C6925BE149000D89077 /* Project object */ = {
			isa = PBXProject;
			attributes = {
				LastSwiftUpdateCheck = 1210;
				LastUpgradeCheck = 1210;
				TargetAttributes = {
					489B4C7025BE149000D89077 = {
						CreatedOnToolsVersion = 12.1;
					};
					489B4C8625BE149200D89077 = {
						CreatedOnToolsVersion = 12.1;
						TestTargetID = 489B4C7025BE149000D89077;
					};
					489B4C9125BE149200D89077 = {
						CreatedOnToolsVersion = 12.1;
						TestTargetID = 489B4C7025BE149000D89077;
					};
				};
			};
			buildConfigurationList = 489B4C6C25BE149000D89077 /* Build configuration list for PBXProject "Prework" */;
			compatibilityVersion = "Xcode 9.3";
			developmentRegion = en;
			hasScannedForEncodings = 0;
			knownRegions = (
				en,
				Base,
			);
			mainGroup = 489B4C6825BE149000D89077;
			productRefGroup = 489B4C7225BE149000D89077 /* Products */;
			projectDirPath = "";
			projectRoot = "";
			targets = (
				489B4C7025BE149000D89077 /* Prework */,
				489B4C8625BE149200D89077 /* PreworkTests */,
				489B4C9125BE149200D89077 /* PreworkUITests */,
			);
		};
/* End PBXProject section */

/* Begin PBXResourcesBuildPhase section */
		489B4C6F25BE149000D89077 /* Resources */ = {
			isa = PBXResourcesBuildPhase;
			buildActionMask = 2147483647;
			files = (
				489B4C8125BE149200D89077 /* LaunchScreen.storyboard in Resources */,
				489B4C7E25BE149200D89077 /* Assets.xcassets in Resources */,
				489B4C7C25BE149100D89077 /* Main.storyboard in Resources */,
			);
			runOnlyForDeploymentPostprocessing = 0;
		};
		489B4C8525BE149200D89077 /* Resources */ = {
			isa = PBXResourcesBuildPhase;
			buildActionMask = 2147483647;
			files = (
			);
			runOnlyForDeploymentPostprocessing = 0;
		};
		489B4C9025BE149200D89077 /* Resources */ = {
			isa = PBXResourcesBuildPhase;
			buildActionMask = 2147483647;
			files = (
			);
			runOnlyForDeploymentPostprocessing = 0;
		};
/* End PBXResourcesBuildPhase section */

/* Begin PBXSourcesBuildPhase section */
		489B4C6D25BE149000D89077 /* Sources */ = {
			isa = PBXSourcesBuildPhase;
			buildActionMask = 2147483647;
			files = (
				489B4C7925BE149100D89077 /* ViewController.swift in Sources */,
				489B4C7525BE149100D89077 /* AppDelegate.swift in Sources */,
				489B4C7725BE149100D89077 /* SceneDelegate.swift in Sources */,
			);
			runOnlyForDeploymentPostprocessing = 0;
		};
		489B4C8325BE149200D89077 /* Sources */ = {
			isa = PBXSourcesBuildPhase;
			buildActionMask = 2147483647;
			files = (
				489B4C8C25BE149200D89077 /* PreworkTests.swift in Sources */,
			);
			runOnlyForDeploymentPostprocessing = 0;
		};
		489B4C8E25BE149200D89077 /* Sources */ = {
			isa = PBXSourcesBuildPhase;
			buildActionMask = 2147483647;
			files = (
				489B4C9725BE149300D89077 /* PreworkUITests.swift in Sources */,
			);
			runOnlyForDeploymentPostprocessing = 0;
		};
/* End PBXSourcesBuildPhase section */

/* Begin PBXTargetDependency section */
		489B4C8925BE149200D89077 /* PBXTargetDependency */ = {
			isa = PBXTargetDependency;
			target = 489B4C7025BE149000D89077 /* Prework */;
			targetProxy = 489B4C8825BE149200D89077 /* PBXContainerItemProxy */;
		};
		489B4C9425BE149300D89077 /* PBXTargetDependency */ = {
			isa = PBXTargetDependency;
			target = 489B4C7025BE149000D89077 /* Prework */;
			targetProxy = 489B4C9325BE149300D89077 /* PBXContainerItemProxy */;
		};
/* End PBXTargetDependency section */

/* Begin PBXVariantGroup section */
		489B4C7A25BE149100D89077 /* Main.storyboard */ = {
			isa = PBXVariantGroup;
			children = (
				489B4C7B25BE149100D89077 /* Base */,
			);
			name = Main.storyboard;
			sourceTree = "<group>";
		};
		489B4C7F25BE149200D89077 /* LaunchScreen.storyboard */ = {
			isa = PBXVariantGroup;
			children = (
				489B4C8025BE149200D89077 /* Base */,
			);
			name = LaunchScreen.storyboard;
			sourceTree = "<group>";
		};
/* End PBXVariantGroup section */

/* Begin XCBuildConfiguration section */
		489B4C9925BE149300D89077 /* Debug */ = {
			isa = XCBuildConfiguration;
			buildSettings = {
				ALWAYS_SEARCH_USER_PATHS = NO;
				CLANG_ANALYZER_NONNULL = YES;
				CLANG_ANALYZER_NUMBER_OBJECT_CONVERSION = YES_AGGRESSIVE;
				CLANG_CXX_LANGUAGE_STANDARD = "gnu++14";
				CLANG_CXX_LIBRARY = "libc++";
				CLANG_ENABLE_MODULES = YES;
				CLANG_ENABLE_OBJC_ARC = YES;
				CLANG_ENABLE_OBJC_WEAK = YES;
				CLANG_WARN_BLOCK_CAPTURE_AUTORELEASING = YES;
				CLANG_WARN_BOOL_CONVERSION = YES;
				CLANG_WARN_COMMA = YES;
				CLANG_WARN_CONSTANT_CONVERSION = YES;
				CLANG_WARN_DEPRECATED_OBJC_IMPLEMENTATIONS = YES;
				CLANG_WARN_DIRECT_OBJC_ISA_USAGE = YES_ERROR;
				CLANG_WARN_DOCUMENTATION_COMMENTS = YES;
				CLANG_WARN_EMPTY_BODY = YES;
				CLANG_WARN_ENUM_CONVERSION = YES;
				CLANG_WARN_INFINITE_RECURSION = YES;
				CLANG_WARN_INT_CONVERSION = YES;
				CLANG_WARN_NON_LITERAL_NULL_CONVERSION = YES;
				CLANG_WARN_OBJC_IMPLICIT_RETAIN_SELF = YES;
				CLANG_WARN_OBJC_LITERAL_CONVERSION = YES;
				CLANG_WARN_OBJC_ROOT_CLASS = YES_ERROR;
				CLANG_WARN_QUOTED_INCLUDE_IN_FRAMEWORK_HEADER = YES;
				CLANG_WARN_RANGE_LOOP_ANALYSIS = YES;
				CLANG_WARN_STRICT_PROTOTYPES = YES;
				CLANG_WARN_SUSPICIOUS_MOVE = YES;
				CLANG_WARN_UNGUARDED_AVAILABILITY = YES_AGGRESSIVE;
				CLANG_WARN_UNREACHABLE_CODE = YES;
				CLANG_WARN__DUPLICATE_METHOD_MATCH = YES;
				COPY_PHASE_STRIP = NO;
				DEBUG_INFORMATION_FORMAT = dwarf;
				ENABLE_STRICT_OBJC_MSGSEND = YES;
				ENABLE_TESTABILITY = YES;
				GCC_C_LANGUAGE_STANDARD = gnu11;
				GCC_DYNAMIC_NO_PIC = NO;
				GCC_NO_COMMON_BLOCKS = YES;
				GCC_OPTIMIZATION_LEVEL = 0;
				GCC_PREPROCESSOR_DEFINITIONS = (
					"DEBUG=1",
					"$(inherited)",
				);
				GCC_WARN_64_TO_32_BIT_CONVERSION = YES;
				GCC_WARN_ABOUT_RETURN_TYPE = YES_ERROR;
				GCC_WARN_UNDECLARED_SELECTOR = YES;
				GCC_WARN_UNINITIALIZED_AUTOS = YES_AGGRESSIVE;
				GCC_WARN_UNUSED_FUNCTION = YES;
				GCC_WARN_UNUSED_VARIABLE = YES;
				IPHONEOS_DEPLOYMENT_TARGET = 14.1;
				MTL_ENABLE_DEBUG_INFO = INCLUDE_SOURCE;
				MTL_FAST_MATH = YES;
				ONLY_ACTIVE_ARCH = YES;
				SDKROOT = iphoneos;
				SWIFT_ACTIVE_COMPILATION_CONDITIONS = DEBUG;
				SWIFT_OPTIMIZATION_LEVEL = "-Onone";
			};
			name = Debug;
		};
		489B4C9A25BE149300D89077 /* Release */ = {
			isa = XCBuildConfiguration;
			buildSettings = {
				ALWAYS_SEARCH_USER_PATHS = NO;
				CLANG_ANALYZER_NONNULL = YES;
				CLANG_ANALYZER_NUMBER_OBJECT_CONVERSION = YES_AGGRESSIVE;
				CLANG_CXX_LANGUAGE_STANDARD = "gnu++14";
				CLANG_CXX_LIBRARY = "libc++";
				CLANG_ENABLE_MODULES = YES;
				CLANG_ENABLE_OBJC_ARC = YES;
				CLANG_ENABLE_OBJC_WEAK = YES;
				CLANG_WARN_BLOCK_CAPTURE_AUTORELEASING = YES;
				CLANG_WARN_BOOL_CONVERSION = YES;
				CLANG_WARN_COMMA = YES;
				CLANG_WARN_CONSTANT_CONVERSION = YES;
				CLANG_WARN_DEPRECATED_OBJC_IMPLEMENTATIONS = YES;
				CLANG_WARN_DIRECT_OBJC_ISA_USAGE = YES_ERROR;
				CLANG_WARN_DOCUMENTATION_COMMENTS = YES;
				CLANG_WARN_EMPTY_BODY = YES;
				CLANG_WARN_ENUM_CONVERSION = YES;
				CLANG_WARN_INFINITE_RECURSION = YES;
				CLANG_WARN_INT_CONVERSION = YES;
				CLANG_WARN_NON_LITERAL_NULL_CONVERSION = YES;
				CLANG_WARN_OBJC_IMPLICIT_RETAIN_SELF = YES;
				CLANG_WARN_OBJC_LITERAL_CONVERSION = YES;
				CLANG_WARN_OBJC_ROOT_CLASS = YES_ERROR;
				CLANG_WARN_QUOTED_INCLUDE_IN_FRAMEWORK_HEADER = YES;
				CLANG_WARN_RANGE_LOOP_ANALYSIS = YES;
				CLANG_WARN_STRICT_PROTOTYPES = YES;
				CLANG_WARN_SUSPICIOUS_MOVE = YES;
				CLANG_WARN_UNGUARDED_AVAILABILITY = YES_AGGRESSIVE;
				CLANG_WARN_UNREACHABLE_CODE = YES;
				CLANG_WARN__DUPLICATE_METHOD_MATCH = YES;
				COPY_PHASE_STRIP = NO;
				DEBUG_INFORMATION_FORMAT = "dwarf-with-dsym";
				ENABLE_NS_ASSERTIONS = NO;
				ENABLE_STRICT_OBJC_MSGSEND = YES;
				GCC_C_LANGUAGE_STANDARD = gnu11;
				GCC_NO_COMMON_BLOCKS = YES;
				GCC_WARN_64_TO_32_BIT_CONVERSION = YES;
				GCC_WARN_ABOUT_RETURN_TYPE = YES_ERROR;
				GCC_WARN_UNDECLARED_SELECTOR = YES;
				GCC_WARN_UNINITIALIZED_AUTOS = YES_AGGRESSIVE;
				GCC_WARN_UNUSED_FUNCTION = YES;
				GCC_WARN_UNUSED_VARIABLE = YES;
				IPHONEOS_DEPLOYMENT_TARGET = 14.1;
				MTL_ENABLE_DEBUG_INFO = NO;
				MTL_FAST_MATH = YES;
				SDKROOT = iphoneos;
				SWIFT_COMPILATION_MODE = wholemodule;
				SWIFT_OPTIMIZATION_LEVEL = "-O";
				VALIDATE_PRODUCT = YES;
			};
			name = Release;
		};
		489B4C9C25BE149300D89077 /* Debug */ = {
			isa = XCBuildConfiguration;
			buildSettings = {
				ASSETCATALOG_COMPILER_APPICON_NAME = AppIcon;
				ASSETCATALOG_COMPILER_GLOBAL_ACCENT_COLOR_NAME = AccentColor;
				CODE_SIGN_STYLE = Automatic;
				DEVELOPMENT_TEAM = CP4HKD9B7G;
				INFOPLIST_FILE = Prework/Info.plist;
				LD_RUNPATH_SEARCH_PATHS = (
					"$(inherited)",
					"@executable_path/Frameworks",
				);
				PRODUCT_BUNDLE_IDENTIFIER = com.HackOS.Prework;
				PRODUCT_NAME = "$(TARGET_NAME)";
				SWIFT_VERSION = 5.0;
				TARGETED_DEVICE_FAMILY = "1,2";
			};
			name = Debug;
		};
		489B4C9D25BE149300D89077 /* Release */ = {
			isa = XCBuildConfiguration;
			buildSettings = {
				ASSETCATALOG_COMPILER_APPICON_NAME = AppIcon;
				ASSETCATALOG_COMPILER_GLOBAL_ACCENT_COLOR_NAME = AccentColor;
				CODE_SIGN_STYLE = Automatic;
				DEVELOPMENT_TEAM = CP4HKD9B7G;
				INFOPLIST_FILE = Prework/Info.plist;
				LD_RUNPATH_SEARCH_PATHS = (
					"$(inherited)",
					"@executable_path/Frameworks",
				);
				PRODUCT_BUNDLE_IDENTIFIER = com.HackOS.Prework;
				PRODUCT_NAME = "$(TARGET_NAME)";
				SWIFT_VERSION = 5.0;
				TARGETED_DEVICE_FAMILY = "1,2";
			};
			name = Release;
		};
		489B4C9F25BE149300D89077 /* Debug */ = {
			isa = XCBuildConfiguration;
			buildSettings = {
				ALWAYS_EMBED_SWIFT_STANDARD_LIBRARIES = YES;
				BUNDLE_LOADER = "$(TEST_HOST)";
				CODE_SIGN_STYLE = Automatic;
				DEVELOPMENT_TEAM = CP4HKD9B7G;
				INFOPLIST_FILE = PreworkTests/Info.plist;
				IPHONEOS_DEPLOYMENT_TARGET = 14.1;
				LD_RUNPATH_SEARCH_PATHS = (
					"$(inherited)",
					"@executable_path/Frameworks",
					"@loader_path/Frameworks",
				);
				PRODUCT_BUNDLE_IDENTIFIER = com.HackOS.PreworkTests;
				PRODUCT_NAME = "$(TARGET_NAME)";
				SWIFT_VERSION = 5.0;
				TARGETED_DEVICE_FAMILY = "1,2";
				TEST_HOST = "$(BUILT_PRODUCTS_DIR)/Prework.app/Prework";
			};
			name = Debug;
		};
		489B4CA025BE149300D89077 /* Release */ = {
			isa = XCBuildConfiguration;
			buildSettings = {
				ALWAYS_EMBED_SWIFT_STANDARD_LIBRARIES = YES;
				BUNDLE_LOADER = "$(TEST_HOST)";
				CODE_SIGN_STYLE = Automatic;
				DEVELOPMENT_TEAM = CP4HKD9B7G;
				INFOPLIST_FILE = PreworkTests/Info.plist;
				IPHONEOS_DEPLOYMENT_TARGET = 14.1;
				LD_RUNPATH_SEARCH_PATHS = (
					"$(inherited)",
					"@executable_path/Frameworks",
					"@loader_path/Frameworks",
				);
				PRODUCT_BUNDLE_IDENTIFIER = com.HackOS.PreworkTests;
				PRODUCT_NAME = "$(TARGET_NAME)";
				SWIFT_VERSION = 5.0;
				TARGETED_DEVICE_FAMILY = "1,2";
				TEST_HOST = "$(BUILT_PRODUCTS_DIR)/Prework.app/Prework";
			};
			name = Release;
		};
		489B4CA225BE149300D89077 /* Debug */ = {
			isa = XCBuildConfiguration;
			buildSettings = {
				ALWAYS_EMBED_SWIFT_STANDARD_LIBRARIES = YES;
				CODE_SIGN_STYLE = Automatic;
				DEVELOPMENT_TEAM = CP4HKD9B7G;
				INFOPLIST_FILE = PreworkUITests/Info.plist;
				LD_RUNPATH_SEARCH_PATHS = (
					"$(inherited)",
					"@executable_path/Frameworks",
					"@loader_path/Frameworks",
				);
				PRODUCT_BUNDLE_IDENTIFIER = com.HackOS.PreworkUITests;
				PRODUCT_NAME = "$(TARGET_NAME)";
				SWIFT_VERSION = 5.0;
				TARGETED_DEVICE_FAMILY = "1,2";
				TEST_TARGET_NAME = Prework;
			};
			name = Debug;
		};
		489B4CA325BE149300D89077 /* Release */ = {
			isa = XCBuildConfiguration;
			buildSettings = {
				ALWAYS_EMBED_SWIFT_STANDARD_LIBRARIES = YES;
				CODE_SIGN_STYLE = Automatic;
				DEVELOPMENT_TEAM = CP4HKD9B7G;
				INFOPLIST_FILE = PreworkUITests/Info.plist;
				LD_RUNPATH_SEARCH_PATHS = (
					"$(inherited)",
					"@executable_path/Frameworks",
					"@loader_path/Frameworks",
				);
				PRODUCT_BUNDLE_IDENTIFIER = com.HackOS.PreworkUITests;
				PRODUCT_NAME = "$(TARGET_NAME)";
				SWIFT_VERSION = 5.0;
				TARGETED_DEVICE_FAMILY = "1,2";
				TEST_TARGET_NAME = Prework;
			};
			name = Release;
		};
/* End XCBuildConfiguration section */

/* Begin XCConfigurationList section */
		489B4C6C25BE149000D89077 /* Build configuration list for PBXProject "Prework" */ = {
			isa = XCConfigurationList;
			buildConfigurations = (
				489B4C9925BE149300D89077 /* Debug */,
				489B4C9A25BE149300D89077 /* Release */,
			);
			defaultConfigurationIsVisible = 0;
			defaultConfigurationName = Release;
		};
		489B4C9B25BE149300D89077 /* Build configuration list for PBXNativeTarget "Prework" */ = {
			isa = XCConfigurationList;
			buildConfigurations = (
				489B4C9C25BE149300D89077 /* Debug */,
				489B4C9D25BE149300D89077 /* Release */,
			);
			defaultConfigurationIsVisible = 0;
			defaultConfigurationName = Release;
		};
		489B4C9E25BE149300D89077 /* Build configuration list for PBXNativeTarget "PreworkTests" */ = {
			isa = XCConfigurationList;
			buildConfigurations = (
				489B4C9F25BE149300D89077 /* Debug */,
				489B4CA025BE149300D89077 /* Release */,
			);
			defaultConfigurationIsVisible = 0;
			defaultConfigurationName = Release;
		};
		489B4CA125BE149300D89077 /* Build configuration list for PBXNativeTarget "PreworkUITests" */ = {
			isa = XCConfigurationList;
			buildConfigurations = (
				489B4CA225BE149300D89077 /* Debug */,
				489B4CA325BE149300D89077 /* Release */,
			);
			defaultConfigurationIsVisible = 0;
			defaultConfigurationName = Release;
		};
/* End XCConfigurationList section */
	};
	rootObject = 489B4C6925BE149000D89077 /* Project object */;
}
